Microsoft Visual Studio Solution File, Format Version 12.00
# Visual Studio Version 17
VisualStudioVersion = 17.5.2.0
MinimumVisualStudioVersion = 10.0.40219.1
Project("{FAE04EC0-301F-11D3-BF4B-00C04F79EFBC}") = "JiraSubtaskGenerator", "JiraSubtaskGenerator\JiraSubtaskGenerator.csproj", "{5D46417E-5372-1169-CBD8-C26F215924D9}"
EndProject
Project("{FAE04EC0-301F-11D3-BF4B-00C04F79EFBC}") = "JiraSubtaskGenerator.Tests", "JiraSubtaskGenerator.Tests\JiraSubtaskGenerator.Tests.csproj", "{742FD71A-254A-4A41-5415-2C4EB94BF1D5}"
EndProject
Project("{2150E333-8FDC-42A3-9474-1A3956D46DE8}") = "Solution Items", "Solution Items", "{51286D15-3E0D-4F63-947B-8371C436E6D1}"
	ProjectSection(SolutionItems) = preProject
		README.md = README.md
	EndProjectSection
EndProject
Global
	GlobalSection(SolutionConfigurationPlatforms) = preSolution
		Debug|Any CPU = Debug|Any CPU
		Release|Any CPU = Release|Any CPU
	EndGlobalSection
	GlobalSection(ProjectConfigurationPlatforms) = postSolution
		{5D46417E-5372-1169-CBD8-C26F215924D9}.Debug|Any CPU.ActiveCfg = Debug|Any CPU
		{5D46417E-5372-1169-CBD8-C26F215924D9}.Debug|Any CPU.Build.0 = Debug|Any CPU
		{5D46417E-5372-1169-CBD8-C26F215924D9}.Release|Any CPU.ActiveCfg = Release|Any CPU
		{5D46417E-5372-1169-CBD8-C26F215924D9}.Release|Any CPU.Build.0 = Release|Any CPU
		{742FD71A-254A-4A41-5415-2C4EB94BF1D5}.Debug|Any CPU.ActiveCfg = Debug|Any CPU
		{742FD71A-254A-4A41-5415-2C4EB94BF1D5}.Debug|Any CPU.Build.0 = Debug|Any CPU
		{742FD71A-254A-4A41-5415-2C4EB94BF1D5}.Release|Any CPU.ActiveCfg = Release|Any CPU
		{742FD71A-254A-4A41-5415-2C4EB94BF1D5}.Release|Any CPU.Build.0 = Release|Any CPU
	EndGlobalSection
	GlobalSection(SolutionProperties) = preSolution
		HideSolutionNode = FALSE
	EndGlobalSection
	GlobalSection(ExtensibilityGlobals) = postSolution
		SolutionGuid = {9CBDAE6E-EB9D-4310-A71D-EEF826DD3239}
	EndGlobalSection
EndGlobal
